
Microsoft Visual Studio Solution File, Format Version 12.00
# Visual Studio Version 16
VisualStudioVersion = 16.0.30204.135
MinimumVisualStudioVersion = 10.0.40219.1
Project("{9A19103F-16F7-4668-BE54-9A1E7A4F7556}") = "ConquestController", "ConquestController\ConquestController.csproj", "{91287A0F-5EDF-4A0D-9E59-361356B60574}"
EndProject
Project("{9A19103F-16F7-4668-BE54-9A1E7A4F7556}") = "ConquestBuilder", "ConquestBuilder\ConquestBuilder.csproj", "{D086BB4B-2F97-40A7-BF95-A26847332AE3}"
EndProject
Project("{FAE04EC0-301F-11D3-BF4B-00C04F79EFBC}") = "ConquestUnitTests", "ConquestUnitTests\ConquestUnitTests.csproj", "{C9152244-F893-42D3-91DC-A9CD0BD8E462}"
EndProject
Global
	GlobalSection(SolutionConfigurationPlatforms) = preSolution
		Debug|Any CPU = Debug|Any CPU
		Release|Any CPU = Release|Any CPU
	EndGlobalSection
	GlobalSection(ProjectConfigurationPlatforms) = postSolution
		{91287A0F-5EDF-4A0D-9E59-361356B60574}.Debug|Any CPU.ActiveCfg = Debug|Any CPU
		{91287A0F-5EDF-4A0D-9E59-361356B60574}.Debug|Any CPU.Build.0 = Debug|Any CPU
		{91287A0F-5EDF-4A0D-9E59-361356B60574}.Release|Any CPU.ActiveCfg = Release|Any CPU
		{91287A0F-5EDF-4A0D-9E59-361356B60574}.Release|Any CPU.Build.0 = Release|Any CPU
		{D086BB4B-2F97-40A7-BF95-A26847332AE3}.Debug|Any CPU.ActiveCfg = Debug|Any CPU
		{D086BB4B-2F97-40A7-BF95-A26847332AE3}.Debug|Any CPU.Build.0 = Debug|Any CPU
		{D086BB4B-2F97-40A7-BF95-A26847332AE3}.Release|Any CPU.ActiveCfg = Release|Any CPU
		{D086BB4B-2F97-40A7-BF95-A26847332AE3}.Release|Any CPU.Build.0 = Release|Any CPU
		{C9152244-F893-42D3-91DC-A9CD0BD8E462}.Debug|Any CPU.ActiveCfg = Debug|Any CPU
		{C9152244-F893-42D3-91DC-A9CD0BD8E462}.Debug|Any CPU.Build.0 = Debug|Any CPU
		{C9152244-F893-42D3-91DC-A9CD0BD8E462}.Release|Any CPU.ActiveCfg = Release|Any CPU
		{C9152244-F893-42D3-91DC-A9CD0BD8E462}.Release|Any CPU.Build.0 = Release|Any CPU
	EndGlobalSection
	GlobalSection(SolutionProperties) = preSolution
		HideSolutionNode = FALSE
	EndGlobalSection
	GlobalSection(ExtensibilityGlobals) = postSolution
		SolutionGuid = {572D4984-B1C7-44D7-8C49-EBB3FEEC4A2C}
	EndGlobalSection
EndGlobal
